
Microsoft Visual Studio Solution File, Format Version 12.00
# Visual Studio Version 16
VisualStudioVersion = 16.0.32126.315
MinimumVisualStudioVersion = 10.0.40219.1
Project("{FAE04EC0-301F-11D3-BF4B-00C04F79EFBC}") = "GestaoSala", "GestaoSala\GestaoSala.csproj", "{51BE2ECC-137E-4E02-8B28-F6F3E8C86B03}"
EndProject
Global
	GlobalSection(SolutionConfigurationPlatforms) = preSolution
		Debug|Any CPU = Debug|Any CPU
		Release|Any CPU = Release|Any CPU
	EndGlobalSection
	GlobalSection(ProjectConfigurationPlatforms) = postSolution
		{51BE2ECC-137E-4E02-8B28-F6F3E8C86B03}.Debug|Any CPU.ActiveCfg = Debug|Any CPU
		{51BE2ECC-137E-4E02-8B28-F6F3E8C86B03}.Debug|Any CPU.Build.0 = Debug|Any CPU
		{51BE2ECC-137E-4E02-8B28-F6F3E8C86B03}.Release|Any CPU.ActiveCfg = Release|Any CPU
		{51BE2ECC-137E-4E02-8B28-F6F3E8C86B03}.Release|Any CPU.Build.0 = Release|Any CPU
	EndGlobalSection
	GlobalSection(SolutionProperties) = preSolution
		HideSolutionNode = FALSE
	EndGlobalSection
	GlobalSection(ExtensibilityGlobals) = postSolution
		SolutionGuid = {D5CF9149-4E96-4D9C-A77A-08135811D744}
	EndGlobalSection
EndGlobal
